
Microsoft Visual Studio Solution File, Format Version 12.00
# Visual Studio Version 17
VisualStudioVersion = 17.5.33502.453
MinimumVisualStudioVersion = 10.0.40219.1
Project("{FAE04EC0-301F-11D3-BF4B-00C04F79EFBC}") = "AdventureWorksAPI", "AdventureWorksAPI.csproj", "{05EC3CA8-DD9C-42F6-B03A-232193CB79C4}"
EndProject
Global
	GlobalSection(SolutionConfigurationPlatforms) = preSolution
		Debug|Any CPU = Debug|Any CPU
		Release|Any CPU = Release|Any CPU
	EndGlobalSection
	GlobalSection(ProjectConfigurationPlatforms) = postSolution
		{05EC3CA8-DD9C-42F6-B03A-232193CB79C4}.Debug|Any CPU.ActiveCfg = Debug|Any CPU
		{05EC3CA8-DD9C-42F6-B03A-232193CB79C4}.Debug|Any CPU.Build.0 = Debug|Any CPU
		{05EC3CA8-DD9C-42F6-B03A-232193CB79C4}.Release|Any CPU.ActiveCfg = Release|Any CPU
		{05EC3CA8-DD9C-42F6-B03A-232193CB79C4}.Release|Any CPU.Build.0 = Release|Any CPU
	EndGlobalSection
	GlobalSection(SolutionProperties) = preSolution
		HideSolutionNode = FALSE
	EndGlobalSection
	GlobalSection(ExtensibilityGlobals) = postSolution
		SolutionGuid = {81E0B3F5-6714-4739-9B25-35E8193F7631}
	EndGlobalSection
EndGlobal
